
Microsoft Visual Studio Solution File, Format Version 12.00
# Visual Studio Version 16
VisualStudioVersion = 16.0.29306.81
MinimumVisualStudioVersion = 10.0.40219.1
Project("{FAE04EC0-301F-11D3-BF4B-00C04F79EFBC}") = "HMT_BIKES_APP", "HMT_BIKES_APP\HMT_BIKES_APP.csproj", "{63480796-264B-40BC-9E80-DF32A2D8C490}"
EndProject
Global
	GlobalSection(SolutionConfigurationPlatforms) = preSolution
		Debug|Any CPU = Debug|Any CPU
		Release|Any CPU = Release|Any CPU
	EndGlobalSection
	GlobalSection(ProjectConfigurationPlatforms) = postSolution
		{63480796-264B-40BC-9E80-DF32A2D8C490}.Debug|Any CPU.ActiveCfg = Debug|Any CPU
		{63480796-264B-40BC-9E80-DF32A2D8C490}.Debug|Any CPU.Build.0 = Debug|Any CPU
		{63480796-264B-40BC-9E80-DF32A2D8C490}.Release|Any CPU.ActiveCfg = Release|Any CPU
		{63480796-264B-40BC-9E80-DF32A2D8C490}.Release|Any CPU.Build.0 = Release|Any CPU
	EndGlobalSection
	GlobalSection(SolutionProperties) = preSolution
		HideSolutionNode = FALSE
	EndGlobalSection
	GlobalSection(ExtensibilityGlobals) = postSolution
		SolutionGuid = {6B71759A-CAC3-4FF6-839E-60BBEBA24139}
	EndGlobalSection
EndGlobal
